
Microsoft Visual Studio Solution File, Format Version 12.00
# Visual Studio Version 16
VisualStudioVersion = 16.0.31605.320
MinimumVisualStudioVersion = 10.0.40219.1
Project("{FAE04EC0-301F-11D3-BF4B-00C04F79EFBC}") = "TDLib", "TDLib.csproj", "{DA44C887-1CB3-4A0F-BDBE-45DDE710132C}"
EndProject
Project("{FAE04EC0-301F-11D3-BF4B-00C04F79EFBC}") = "HelloWorld", "..\HelloWorld\HelloWorld.csproj", "{AD0E12B7-B376-4D06-A344-E800067C34F2}"
EndProject
Global
	GlobalSection(SolutionConfigurationPlatforms) = preSolution
		Debug|Any CPU = Debug|Any CPU
		Release|Any CPU = Release|Any CPU
	EndGlobalSection
	GlobalSection(ProjectConfigurationPlatforms) = postSolution
		{DA44C887-1CB3-4A0F-BDBE-45DDE710132C}.Debug|Any CPU.ActiveCfg = Debug|Any CPU
		{DA44C887-1CB3-4A0F-BDBE-45DDE710132C}.Debug|Any CPU.Build.0 = Debug|Any CPU
		{DA44C887-1CB3-4A0F-BDBE-45DDE710132C}.Release|Any CPU.ActiveCfg = Release|Any CPU
		{DA44C887-1CB3-4A0F-BDBE-45DDE710132C}.Release|Any CPU.Build.0 = Release|Any CPU
		{AD0E12B7-B376-4D06-A344-E800067C34F2}.Debug|Any CPU.ActiveCfg = Debug|Any CPU
		{AD0E12B7-B376-4D06-A344-E800067C34F2}.Debug|Any CPU.Build.0 = Debug|Any CPU
		{AD0E12B7-B376-4D06-A344-E800067C34F2}.Release|Any CPU.ActiveCfg = Release|Any CPU
		{AD0E12B7-B376-4D06-A344-E800067C34F2}.Release|Any CPU.Build.0 = Release|Any CPU
	EndGlobalSection
	GlobalSection(SolutionProperties) = preSolution
		HideSolutionNode = FALSE
	EndGlobalSection
	GlobalSection(ExtensibilityGlobals) = postSolution
		SolutionGuid = {8146E45B-D980-457F-AE8E-E8D514F75644}
	EndGlobalSection
EndGlobal
